
Microsoft Visual Studio Solution File, Format Version 12.00
# Visual Studio Version 17
VisualStudioVersion = 17.14.36408.4
MinimumVisualStudioVersion = 10.0.40219.1
Project("{FAE04EC0-301F-11D3-BF4B-00C04F79EFBC}") = "SensorPull", "SensorPull\SensorPull.csproj", "{D58BD9C1-3F6F-4CF2-95D9-BEEE6023B733}"
EndProject
Global
	GlobalSection(SolutionConfigurationPlatforms) = preSolution
		Debug|Any CPU = Debug|Any CPU
		Release|Any CPU = Release|Any CPU
	EndGlobalSection
	GlobalSection(ProjectConfigurationPlatforms) = postSolution
		{D58BD9C1-3F6F-4CF2-95D9-BEEE6023B733}.Debug|Any CPU.ActiveCfg = Debug|Any CPU
		{D58BD9C1-3F6F-4CF2-95D9-BEEE6023B733}.Debug|Any CPU.Build.0 = Debug|Any CPU
		{D58BD9C1-3F6F-4CF2-95D9-BEEE6023B733}.Release|Any CPU.ActiveCfg = Release|Any CPU
		{D58BD9C1-3F6F-4CF2-95D9-BEEE6023B733}.Release|Any CPU.Build.0 = Release|Any CPU
	EndGlobalSection
	GlobalSection(SolutionProperties) = preSolution
		HideSolutionNode = FALSE
	EndGlobalSection
	GlobalSection(ExtensibilityGlobals) = postSolution
		SolutionGuid = {0D2EA2E6-9EC2-4FFD-A826-9FAA18821478}
	EndGlobalSection
EndGlobal
